// !$*UTF8*$!
{
	archiveVersion = 1;
	classes = {
	};
	objectVersion = 50;
	objects = {

/* Begin PBXBuildFile section */
		030CECF723DBAA6300AEFB58 /* AppDelegate.swift in Sources */ = {isa = PBXBuildFile; fileRef = 030CECF623DBAA6300AEFB58 /* AppDelegate.swift */; };
		030CECF923DBAA6300AEFB58 /* SceneDelegate.swift in Sources */ = {isa = PBXBuildFile; fileRef = 030CECF823DBAA6300AEFB58 /* SceneDelegate.swift */; };
		030CECFB23DBAA6300AEFB58 /* MainViewController.swift in Sources */ = {isa = PBXBuildFile; fileRef = 030CECFA23DBAA6300AEFB58 /* MainViewController.swift */; };
		030CED0023DBAA6600AEFB58 /* Assets.xcassets in Resources */ = {isa = PBXBuildFile; fileRef = 030CECFF23DBAA6600AEFB58 /* Assets.xcassets */; };
		030CED0323DBAA6600AEFB58 /* LaunchScreen.storyboard in Resources */ = {isa = PBXBuildFile; fileRef = 030CED0123DBAA6600AEFB58 /* LaunchScreen.storyboard */; };
		030CED0E23DBAA6700AEFB58 /* TodayWeatherTests.swift in Sources */ = {isa = PBXBuildFile; fileRef = 030CED0D23DBAA6700AEFB58 /* TodayWeatherTests.swift */; };
		030CED1A23DC69AA00AEFB58 /* UIViewExtension.swift in Sources */ = {isa = PBXBuildFile; fileRef = 030CED1923DC69A900AEFB58 /* UIViewExtension.swift */; };
		030CED2123DCA0BB00AEFB58 /* UITableViewExtension.swift in Sources */ = {isa = PBXBuildFile; fileRef = 030CED2023DCA0BB00AEFB58 /* UITableViewExtension.swift */; };
		030CED2423DCA6B200AEFB58 /* DetailTableViewCell.swift in Sources */ = {isa = PBXBuildFile; fileRef = 030CED2223DCA6B200AEFB58 /* DetailTableViewCell.swift */; };
		030CED2523DCA6B200AEFB58 /* DetailTableViewCell.xib in Resources */ = {isa = PBXBuildFile; fileRef = 030CED2323DCA6B200AEFB58 /* DetailTableViewCell.xib */; };
		030CED2823DCAE4600AEFB58 /* BaseLabel.swift in Sources */ = {isa = PBXBuildFile; fileRef = 030CED2723DCAE4600AEFB58 /* BaseLabel.swift */; };
		030CED2B23DCB36C00AEFB58 /* MainViewModel.swift in Sources */ = {isa = PBXBuildFile; fileRef = 030CED2A23DCB36C00AEFB58 /* MainViewModel.swift */; };
		030CED2F23DCBE1800AEFB58 /* Forecast.swift in Sources */ = {isa = PBXBuildFile; fileRef = 030CED2E23DCBE1800AEFB58 /* Forecast.swift */; };
		030CED3123DCBE6700AEFB58 /* Currently.swift in Sources */ = {isa = PBXBuildFile; fileRef = 030CED3023DCBE6700AEFB58 /* Currently.swift */; };
		0331446123DCD96500B464D8 /* ServerModel.swift in Sources */ = {isa = PBXBuildFile; fileRef = 0331446023DCD96500B464D8 /* ServerModel.swift */; };
		0331446823DDBC2300B464D8 /* WeatherImageTableViewCell.swift in Sources */ = {isa = PBXBuildFile; fileRef = 0331446623DDBC2300B464D8 /* WeatherImageTableViewCell.swift */; };
		0331446923DDBC2300B464D8 /* WeatherImageTableViewCell.xib in Resources */ = {isa = PBXBuildFile; fileRef = 0331446723DDBC2300B464D8 /* WeatherImageTableViewCell.xib */; };
		03F6BB6323DDE7BE00C5332A /* BaseTableViewCell.swift in Sources */ = {isa = PBXBuildFile; fileRef = 03F6BB6223DDE7BE00C5332A /* BaseTableViewCell.swift */; };
		03F6BB6523DDF20600C5332A /* Location.swift in Sources */ = {isa = PBXBuildFile; fileRef = 03F6BB6423DDF20600C5332A /* Location.swift */; };
		03F6BB6723DDF81000C5332A /* LocationModel.swift in Sources */ = {isa = PBXBuildFile; fileRef = 03F6BB6623DDF81000C5332A /* LocationModel.swift */; };
/* End PBXBuildFile section */

/* Begin PBXContainerItemProxy section */
		030CED0A23DBAA6700AEFB58 /* PBXContainerItemProxy */ = {
			isa = PBXContainerItemProxy;
			containerPortal = 030CECEB23DBAA6200AEFB58 /* Project object */;
			proxyType = 1;
			remoteGlobalIDString = 030CECF223DBAA6300AEFB58;
			remoteInfo = TodayWeather;
		};
/* End PBXContainerItemProxy section */

/* Begin PBXFileReference section */
		030CECF323DBAA6300AEFB58 /* TodayWeather.app */ = {isa = PBXFileReference; explicitFileType = wrapper.application; includeInIndex = 0; path = TodayWeather.app; sourceTree = BUILT_PRODUCTS_DIR; };
		030CECF623DBAA6300AEFB58 /* AppDelegate.swift */ = {isa = PBXFileReference; lastKnownFileType = sourcecode.swift; path = AppDelegate.swift; sourceTree = "<group>"; };
		030CECF823DBAA6300AEFB58 /* SceneDelegate.swift */ = {isa = PBXFileReference; lastKnownFileType = sourcecode.swift; path = SceneDelegate.swift; sourceTree = "<group>"; };
		030CECFA23DBAA6300AEFB58 /* MainViewController.swift */ = {isa = PBXFileReference; lastKnownFileType = sourcecode.swift; path = MainViewController.swift; sourceTree = "<group>"; };
		030CECFF23DBAA6600AEFB58 /* Assets.xcassets */ = {isa = PBXFileReference; lastKnownFileType = folder.assetcatalog; path = Assets.xcassets; sourceTree = "<group>"; };
		030CED0223DBAA6600AEFB58 /* Base */ = {isa = PBXFileReference; lastKnownFileType = file.storyboard; name = Base; path = Base.lproj/LaunchScreen.storyboard; sourceTree = "<group>"; };
		030CED0423DBAA6600AEFB58 /* Info.plist */ = {isa = PBXFileReference; lastKnownFileType = text.plist.xml; path = Info.plist; sourceTree = "<group>"; };
		030CED0923DBAA6700AEFB58 /* TodayWeatherTests.xctest */ = {isa = PBXFileReference; explicitFileType = wrapper.cfbundle; includeInIndex = 0; path = TodayWeatherTests.xctest; sourceTree = BUILT_PRODUCTS_DIR; };
		030CED0D23DBAA6700AEFB58 /* TodayWeatherTests.swift */ = {isa = PBXFileReference; lastKnownFileType = sourcecode.swift; path = TodayWeatherTests.swift; sourceTree = "<group>"; };
		030CED0F23DBAA6700AEFB58 /* Info.plist */ = {isa = PBXFileReference; lastKnownFileType = text.plist.xml; path = Info.plist; sourceTree = "<group>"; };
		030CED1923DC69A900AEFB58 /* UIViewExtension.swift */ = {isa = PBXFileReference; lastKnownFileType = sourcecode.swift; path = UIViewExtension.swift; sourceTree = "<group>"; };
		030CED2023DCA0BB00AEFB58 /* UITableViewExtension.swift */ = {isa = PBXFileReference; lastKnownFileType = sourcecode.swift; path = UITableViewExtension.swift; sourceTree = "<group>"; };
		030CED2223DCA6B200AEFB58 /* DetailTableViewCell.swift */ = {isa = PBXFileReference; lastKnownFileType = sourcecode.swift; path = DetailTableViewCell.swift; sourceTree = "<group>"; };
		030CED2323DCA6B200AEFB58 /* DetailTableViewCell.xib */ = {isa = PBXFileReference; lastKnownFileType = file.xib; path = DetailTableViewCell.xib; sourceTree = "<group>"; };
		030CED2723DCAE4600AEFB58 /* BaseLabel.swift */ = {isa = PBXFileReference; lastKnownFileType = sourcecode.swift; path = BaseLabel.swift; sourceTree = "<group>"; };
		030CED2A23DCB36C00AEFB58 /* MainViewModel.swift */ = {isa = PBXFileReference; lastKnownFileType = sourcecode.swift; path = MainViewModel.swift; sourceTree = "<group>"; };
		030CED2E23DCBE1800AEFB58 /* Forecast.swift */ = {isa = PBXFileReference; lastKnownFileType = sourcecode.swift; path = Forecast.swift; sourceTree = "<group>"; };
		030CED3023DCBE6700AEFB58 /* Currently.swift */ = {isa = PBXFileReference; lastKnownFileType = sourcecode.swift; path = Currently.swift; sourceTree = "<group>"; };
		0331446023DCD96500B464D8 /* ServerModel.swift */ = {isa = PBXFileReference; lastKnownFileType = sourcecode.swift; path = ServerModel.swift; sourceTree = "<group>"; };
		0331446623DDBC2300B464D8 /* WeatherImageTableViewCell.swift */ = {isa = PBXFileReference; lastKnownFileType = sourcecode.swift; path = WeatherImageTableViewCell.swift; sourceTree = "<group>"; };
		0331446723DDBC2300B464D8 /* WeatherImageTableViewCell.xib */ = {isa = PBXFileReference; lastKnownFileType = file.xib; path = WeatherImageTableViewCell.xib; sourceTree = "<group>"; };
		03F6BB6223DDE7BE00C5332A /* BaseTableViewCell.swift */ = {isa = PBXFileReference; lastKnownFileType = sourcecode.swift; path = BaseTableViewCell.swift; sourceTree = "<group>"; };
		03F6BB6423DDF20600C5332A /* Location.swift */ = {isa = PBXFileReference; lastKnownFileType = sourcecode.swift; path = Location.swift; sourceTree = "<group>"; };
		03F6BB6623DDF81000C5332A /* LocationModel.swift */ = {isa = PBXFileReference; lastKnownFileType = sourcecode.swift; path = LocationModel.swift; sourceTree = "<group>"; };
/* End PBXFileReference section */

/* Begin PBXFrameworksBuildPhase section */
		030CECF023DBAA6300AEFB58 /* Frameworks */ = {
			isa = PBXFrameworksBuildPhase;
			buildActionMask = 2147483647;
			files = (
			);
			runOnlyForDeploymentPostprocessing = 0;
		};
		030CED0623DBAA6700AEFB58 /* Frameworks */ = {
			isa = PBXFrameworksBuildPhase;
			buildActionMask = 2147483647;
			files = (
			);
			runOnlyForDeploymentPostprocessing = 0;
		};
/* End PBXFrameworksBuildPhase section */

/* Begin PBXGroup section */
		030CECEA23DBAA6200AEFB58 = {
			isa = PBXGroup;
			children = (
				030CECF523DBAA6300AEFB58 /* TodayWeather */,
				030CED0C23DBAA6700AEFB58 /* TodayWeatherTests */,
				030CECF423DBAA6300AEFB58 /* Products */,
			);
			sourceTree = "<group>";
		};
		030CECF423DBAA6300AEFB58 /* Products */ = {
			isa = PBXGroup;
			children = (
				030CECF323DBAA6300AEFB58 /* TodayWeather.app */,
				030CED0923DBAA6700AEFB58 /* TodayWeatherTests.xctest */,
			);
			name = Products;
			sourceTree = "<group>";
		};
		030CECF523DBAA6300AEFB58 /* TodayWeather */ = {
			isa = PBXGroup;
			children = (
				0331446423DDBA0600B464D8 /* Delegate */,
				0331446323DDB9E300B464D8 /* Storyboard */,
				0331446223DDB9B700B464D8 /* Controller */,
				030CED2C23DCBD8600AEFB58 /* Model */,
				030CED2923DCB32A00AEFB58 /* ViewModel */,
				030CED1B23DC980600AEFB58 /* View */,
				030CED1823DC697000AEFB58 /* Extension */,
				030CECFF23DBAA6600AEFB58 /* Assets.xcassets */,
				030CED0423DBAA6600AEFB58 /* Info.plist */,
			);
			path = TodayWeather;
			sourceTree = "<group>";
		};
		030CED0C23DBAA6700AEFB58 /* TodayWeatherTests */ = {
			isa = PBXGroup;
			children = (
				030CED0D23DBAA6700AEFB58 /* TodayWeatherTests.swift */,
				030CED0F23DBAA6700AEFB58 /* Info.plist */,
			);
			path = TodayWeatherTests;
			sourceTree = "<group>";
		};
		030CED1823DC697000AEFB58 /* Extension */ = {
			isa = PBXGroup;
			children = (
				030CED1923DC69A900AEFB58 /* UIViewExtension.swift */,
				030CED2023DCA0BB00AEFB58 /* UITableViewExtension.swift */,
			);
			path = Extension;
			sourceTree = "<group>";
		};
		030CED1B23DC980600AEFB58 /* View */ = {
			isa = PBXGroup;
			children = (
				0331446523DDBBD200B464D8 /* Main */,
				030CED2623DCAE1C00AEFB58 /* Base */,
			);
			path = View;
			sourceTree = "<group>";
		};
		030CED2623DCAE1C00AEFB58 /* Base */ = {
			isa = PBXGroup;
			children = (
				030CED2723DCAE4600AEFB58 /* BaseLabel.swift */,
				03F6BB6223DDE7BE00C5332A /* BaseTableViewCell.swift */,
			);
			path = Base;
			sourceTree = "<group>";
		};
		030CED2923DCB32A00AEFB58 /* ViewModel */ = {
			isa = PBXGroup;
			children = (
				030CED2A23DCB36C00AEFB58 /* MainViewModel.swift */,
			);
			path = ViewModel;
			sourceTree = "<group>";
		};
		030CED2C23DCBD8600AEFB58 /* Model */ = {
			isa = PBXGroup;
			children = (
				030CED2D23DCBDAC00AEFB58 /* Weather */,
				0331446023DCD96500B464D8 /* ServerModel.swift */,
				03F6BB6623DDF81000C5332A /* LocationModel.swift */,
			);
			path = Model;
			sourceTree = "<group>";
		};
		030CED2D23DCBDAC00AEFB58 /* Weather */ = {
			isa = PBXGroup;
			children = (
				030CED2E23DCBE1800AEFB58 /* Forecast.swift */,
				030CED3023DCBE6700AEFB58 /* Currently.swift */,
				03F6BB6423DDF20600C5332A /* Location.swift */,
			);
			path = Weather;
			sourceTree = "<group>";
		};
		0331446223DDB9B700B464D8 /* Controller */ = {
			isa = PBXGroup;
			children = (
				030CECFA23DBAA6300AEFB58 /* MainViewController.swift */,
			);
			path = Controller;
			sourceTree = "<group>";
		};
		0331446323DDB9E300B464D8 /* Storyboard */ = {
			isa = PBXGroup;
			children = (
				030CED0123DBAA6600AEFB58 /* LaunchScreen.storyboard */,
			);
			path = Storyboard;
			sourceTree = "<group>";
		};
		0331446423DDBA0600B464D8 /* Delegate */ = {
			isa = PBXGroup;
			children = (
				030CECF623DBAA6300AEFB58 /* AppDelegate.swift */,
				030CECF823DBAA6300AEFB58 /* SceneDelegate.swift */,
			);
			path = Delegate;
			sourceTree = "<group>";
		};
		0331446523DDBBD200B464D8 /* Main */ = {
			isa = PBXGroup;
			children = (
				030CED2223DCA6B200AEFB58 /* DetailTableViewCell.swift */,
				030CED2323DCA6B200AEFB58 /* DetailTableViewCell.xib */,
				0331446623DDBC2300B464D8 /* WeatherImageTableViewCell.swift */,
				0331446723DDBC2300B464D8 /* WeatherImageTableViewCell.xib */,
			);
			path = Main;
			sourceTree = "<group>";
		};
/* End PBXGroup section */

/* Begin PBXNativeTarget section */
		030CECF223DBAA6300AEFB58 /* TodayWeather */ = {
			isa = PBXNativeTarget;
			buildConfigurationList = 030CED1223DBAA6700AEFB58 /* Build configuration list for PBXNativeTarget "TodayWeather" */;
			buildPhases = (
				030CECEF23DBAA6300AEFB58 /* Sources */,
				030CECF023DBAA6300AEFB58 /* Frameworks */,
				030CECF123DBAA6300AEFB58 /* Resources */,
			);
			buildRules = (
			);
			dependencies = (
			);
			name = TodayWeather;
			productName = TodayWeather;
			productReference = 030CECF323DBAA6300AEFB58 /* TodayWeather.app */;
			productType = "com.apple.product-type.application";
		};
		030CED0823DBAA6700AEFB58 /* TodayWeatherTests */ = {
			isa = PBXNativeTarget;
			buildConfigurationList = 030CED1523DBAA6700AEFB58 /* Build configuration list for PBXNativeTarget "TodayWeatherTests" */;
			buildPhases = (
				030CED0523DBAA6700AEFB58 /* Sources */,
				030CED0623DBAA6700AEFB58 /* Frameworks */,
				030CED0723DBAA6700AEFB58 /* Resources */,
			);
			buildRules = (
			);
			dependencies = (
				030CED0B23DBAA6700AEFB58 /* PBXTargetDependency */,
			);
			name = TodayWeatherTests;
			productName = TodayWeatherTests;
			productReference = 030CED0923DBAA6700AEFB58 /* TodayWeatherTests.xctest */;
			productType = "com.apple.product-type.bundle.unit-test";
		};
/* End PBXNativeTarget section */

/* Begin PBXProject section */
		030CECEB23DBAA6200AEFB58 /* Project object */ = {
			isa = PBXProject;
			attributes = {
				LastSwiftUpdateCheck = 1130;
				LastUpgradeCheck = 1130;
				ORGANIZATIONNAME = Elano;
				TargetAttributes = {
					030CECF223DBAA6300AEFB58 = {
						CreatedOnToolsVersion = 11.3;
					};
					030CED0823DBAA6700AEFB58 = {
						CreatedOnToolsVersion = 11.3;
						TestTargetID = 030CECF223DBAA6300AEFB58;
					};
				};
			};
			buildConfigurationList = 030CECEE23DBAA6200AEFB58 /* Build configuration list for PBXProject "TodayWeather" */;
			compatibilityVersion = "Xcode 9.3";
			developmentRegion = en;
			hasScannedForEncodings = 0;
			knownRegions = (
				en,
				Base,
			);
			mainGroup = 030CECEA23DBAA6200AEFB58;
			productRefGroup = 030CECF423DBAA6300AEFB58 /* Products */;
			projectDirPath = "";
			projectRoot = "";
			targets = (
				030CECF223DBAA6300AEFB58 /* TodayWeather */,
				030CED0823DBAA6700AEFB58 /* TodayWeatherTests */,
			);
		};
/* End PBXProject section */

/* Begin PBXResourcesBuildPhase section */
		030CECF123DBAA6300AEFB58 /* Resources */ = {
			isa = PBXResourcesBuildPhase;
			buildActionMask = 2147483647;
			files = (
				0331446923DDBC2300B464D8 /* WeatherImageTableViewCell.xib in Resources */,
				030CED0323DBAA6600AEFB58 /* LaunchScreen.storyboard in Resources */,
				030CED2523DCA6B200AEFB58 /* DetailTableViewCell.xib in Resources */,
				030CED0023DBAA6600AEFB58 /* Assets.xcassets in Resources */,
			);
			runOnlyForDeploymentPostprocessing = 0;
		};
		030CED0723DBAA6700AEFB58 /* Resources */ = {
			isa = PBXResourcesBuildPhase;
			buildActionMask = 2147483647;
			files = (
			);
			runOnlyForDeploymentPostprocessing = 0;
		};
/* End PBXResourcesBuildPhase section */

/* Begin PBXSourcesBuildPhase section */
		030CECEF23DBAA6300AEFB58 /* Sources */ = {
			isa = PBXSourcesBuildPhase;
			buildActionMask = 2147483647;
			files = (
				0331446823DDBC2300B464D8 /* WeatherImageTableViewCell.swift in Sources */,
				030CED2423DCA6B200AEFB58 /* DetailTableViewCell.swift in Sources */,
				030CED2823DCAE4600AEFB58 /* BaseLabel.swift in Sources */,
				030CED3123DCBE6700AEFB58 /* Currently.swift in Sources */,
				030CECFB23DBAA6300AEFB58 /* MainViewController.swift in Sources */,
				030CECF723DBAA6300AEFB58 /* AppDelegate.swift in Sources */,
				03F6BB6523DDF20600C5332A /* Location.swift in Sources */,
				0331446123DCD96500B464D8 /* ServerModel.swift in Sources */,
				030CED2F23DCBE1800AEFB58 /* Forecast.swift in Sources */,
				030CED1A23DC69AA00AEFB58 /* UIViewExtension.swift in Sources */,
				030CED2123DCA0BB00AEFB58 /* UITableViewExtension.swift in Sources */,
				030CECF923DBAA6300AEFB58 /* SceneDelegate.swift in Sources */,
				03F6BB6323DDE7BE00C5332A /* BaseTableViewCell.swift in Sources */,
				03F6BB6723DDF81000C5332A /* LocationModel.swift in Sources */,
				030CED2B23DCB36C00AEFB58 /* MainViewModel.swift in Sources */,
			);
			runOnlyForDeploymentPostprocessing = 0;
		};
		030CED0523DBAA6700AEFB58 /* Sources */ = {
			isa = PBXSourcesBuildPhase;
			buildActionMask = 2147483647;
			files = (
				030CED0E23DBAA6700AEFB58 /* TodayWeatherTests.swift in Sources */,
			);
			runOnlyForDeploymentPostprocessing = 0;
		};
/* End PBXSourcesBuildPhase section */

/* Begin PBXTargetDependency section */
		030CED0B23DBAA6700AEFB58 /* PBXTargetDependency */ = {
			isa = PBXTargetDependency;
			target = 030CECF223DBAA6300AEFB58 /* TodayWeather */;
			targetProxy = 030CED0A23DBAA6700AEFB58 /* PBXContainerItemProxy */;
		};
/* End PBXTargetDependency section */

/* Begin PBXVariantGroup section */
		030CED0123DBAA6600AEFB58 /* LaunchScreen.storyboard */ = {
			isa = PBXVariantGroup;
			children = (
				030CED0223DBAA6600AEFB58 /* Base */,
			);
			name = LaunchScreen.storyboard;
			sourceTree = "<group>";
		};
/* End PBXVariantGroup section */

/* Begin XCBuildConfiguration section */
		030CED1023DBAA6700AEFB58 /* Debug */ = {
			isa = XCBuildConfiguration;
			buildSettings = {
				ALWAYS_SEARCH_USER_PATHS = NO;
				CLANG_ANALYZER_NONNULL = YES;
				CLANG_ANALYZER_NUMBER_OBJECT_CONVERSION = YES_AGGRESSIVE;
				CLANG_CXX_LANGUAGE_STANDARD = "gnu++14";
				CLANG_CXX_LIBRARY = "libc++";
				CLANG_ENABLE_MODULES = YES;
				CLANG_ENABLE_OBJC_ARC = YES;
				CLANG_ENABLE_OBJC_WEAK = YES;
				CLANG_WARN_BLOCK_CAPTURE_AUTORELEASING = YES;
				CLANG_WARN_BOOL_CONVERSION = YES;
				CLANG_WARN_COMMA = YES;
				CLANG_WARN_CONSTANT_CONVERSION = YES;
				CLANG_WARN_DEPRECATED_OBJC_IMPLEMENTATIONS = YES;
				CLANG_WARN_DIRECT_OBJC_ISA_USAGE = YES_ERROR;
				CLANG_WARN_DOCUMENTATION_COMMENTS = YES;
				CLANG_WARN_EMPTY_BODY = YES;
				CLANG_WARN_ENUM_CONVERSION = YES;
				CLANG_WARN_INFINITE_RECURSION = YES;
				CLANG_WARN_INT_CONVERSION = YES;
				CLANG_WARN_NON_LITERAL_NULL_CONVERSION = YES;
				CLANG_WARN_OBJC_IMPLICIT_RETAIN_SELF = YES;
				CLANG_WARN_OBJC_LITERAL_CONVERSION = YES;
				CLANG_WARN_OBJC_ROOT_CLASS = YES_ERROR;
				CLANG_WARN_RANGE_LOOP_ANALYSIS = YES;
				CLANG_WARN_STRICT_PROTOTYPES = YES;
				CLANG_WARN_SUSPICIOUS_MOVE = YES;
				CLANG_WARN_UNGUARDED_AVAILABILITY = YES_AGGRESSIVE;
				CLANG_WARN_UNREACHABLE_CODE = YES;
				CLANG_WARN__DUPLICATE_METHOD_MATCH = YES;
				COPY_PHASE_STRIP = NO;
				DEBUG_INFORMATION_FORMAT = dwarf;
				ENABLE_STRICT_OBJC_MSGSEND = YES;
				ENABLE_TESTABILITY = YES;
				GCC_C_LANGUAGE_STANDARD = gnu11;
				GCC_DYNAMIC_NO_PIC = NO;
				GCC_NO_COMMON_BLOCKS = YES;
				GCC_OPTIMIZATION_LEVEL = 0;
				GCC_PREPROCESSOR_DEFINITIONS = (
					"DEBUG=1",
					"$(inherited)",
				);
				GCC_WARN_64_TO_32_BIT_CONVERSION = YES;
				GCC_WARN_ABOUT_RETURN_TYPE = YES_ERROR;
				GCC_WARN_UNDECLARED_SELECTOR = YES;
				GCC_WARN_UNINITIALIZED_AUTOS = YES_AGGRESSIVE;
				GCC_WARN_UNUSED_FUNCTION = YES;
				GCC_WARN_UNUSED_VARIABLE = YES;
				IPHONEOS_DEPLOYMENT_TARGET = 13.2;
				MTL_ENABLE_DEBUG_INFO = INCLUDE_SOURCE;
				MTL_FAST_MATH = YES;
				ONLY_ACTIVE_ARCH = YES;
				SDKROOT = iphoneos;
				SWIFT_ACTIVE_COMPILATION_CONDITIONS = DEBUG;
				SWIFT_OPTIMIZATION_LEVEL = "-Onone";
			};
			name = Debug;
		};
		030CED1123DBAA6700AEFB58 /* Release */ = {
			isa = XCBuildConfiguration;
			buildSettings = {
				ALWAYS_SEARCH_USER_PATHS = NO;
				CLANG_ANALYZER_NONNULL = YES;
				CLANG_ANALYZER_NUMBER_OBJECT_CONVERSION = YES_AGGRESSIVE;
				CLANG_CXX_LANGUAGE_STANDARD = "gnu++14";
				CLANG_CXX_LIBRARY = "libc++";
				CLANG_ENABLE_MODULES = YES;
				CLANG_ENABLE_OBJC_ARC = YES;
				CLANG_ENABLE_OBJC_WEAK = YES;
				CLANG_WARN_BLOCK_CAPTURE_AUTORELEASING = YES;
				CLANG_WARN_BOOL_CONVERSION = YES;
				CLANG_WARN_COMMA = YES;
				CLANG_WARN_CONSTANT_CONVERSION = YES;
				CLANG_WARN_DEPRECATED_OBJC_IMPLEMENTATIONS = YES;
				CLANG_WARN_DIRECT_OBJC_ISA_USAGE = YES_ERROR;
				CLANG_WARN_DOCUMENTATION_COMMENTS = YES;
				CLANG_WARN_EMPTY_BODY = YES;
				CLANG_WARN_ENUM_CONVERSION = YES;
				CLANG_WARN_INFINITE_RECURSION = YES;
				CLANG_WARN_INT_CONVERSION = YES;
				CLANG_WARN_NON_LITERAL_NULL_CONVERSION = YES;
				CLANG_WARN_OBJC_IMPLICIT_RETAIN_SELF = YES;
				CLANG_WARN_OBJC_LITERAL_CONVERSION = YES;
				CLANG_WARN_OBJC_ROOT_CLASS = YES_ERROR;
				CLANG_WARN_RANGE_LOOP_ANALYSIS = YES;
				CLANG_WARN_STRICT_PROTOTYPES = YES;
				CLANG_WARN_SUSPICIOUS_MOVE = YES;
				CLANG_WARN_UNGUARDED_AVAILABILITY = YES_AGGRESSIVE;
				CLANG_WARN_UNREACHABLE_CODE = YES;
				CLANG_WARN__DUPLICATE_METHOD_MATCH = YES;
				COPY_PHASE_STRIP = NO;
				DEBUG_INFORMATION_FORMAT = "dwarf-with-dsym";
				ENABLE_NS_ASSERTIONS = NO;
				ENABLE_STRICT_OBJC_MSGSEND = YES;
				GCC_C_LANGUAGE_STANDARD = gnu11;
				GCC_NO_COMMON_BLOCKS = YES;
				GCC_WARN_64_TO_32_BIT_CONVERSION = YES;
				GCC_WARN_ABOUT_RETURN_TYPE = YES_ERROR;
				GCC_WARN_UNDECLARED_SELECTOR = YES;
				GCC_WARN_UNINITIALIZED_AUTOS = YES_AGGRESSIVE;
				GCC_WARN_UNUSED_FUNCTION = YES;
				GCC_WARN_UNUSED_VARIABLE = YES;
				IPHONEOS_DEPLOYMENT_TARGET = 13.2;
				MTL_ENABLE_DEBUG_INFO = NO;
				MTL_FAST_MATH = YES;
				SDKROOT = iphoneos;
				SWIFT_COMPILATION_MODE = wholemodule;
				SWIFT_OPTIMIZATION_LEVEL = "-O";
				VALIDATE_PRODUCT = YES;
			};
			name = Release;
		};
		030CED1323DBAA6700AEFB58 /* Debug */ = {
			isa = XCBuildConfiguration;
			buildSettings = {
				ASSETCATALOG_COMPILER_APPICON_NAME = AppIcon;
				CODE_SIGN_STYLE = Automatic;
				DEVELOPMENT_TEAM = 5NGU942N6D;
				INFOPLIST_FILE = TodayWeather/Info.plist;
				IPHONEOS_DEPLOYMENT_TARGET = 13.0;
				LD_RUNPATH_SEARCH_PATHS = (
					"$(inherited)",
					"@executable_path/Frameworks",
				);
				PRODUCT_BUNDLE_IDENTIFIER = com.elanovasconcelos.TodayWeather;
				PRODUCT_NAME = "$(TARGET_NAME)";
				SWIFT_VERSION = 5.0;
				TARGETED_DEVICE_FAMILY = "1,2";
			};
			name = Debug;
		};
		030CED1423DBAA6700AEFB58 /* Release */ = {
			isa = XCBuildConfiguration;
			buildSettings = {
				ASSETCATALOG_COMPILER_APPICON_NAME = AppIcon;
				CODE_SIGN_STYLE = Automatic;
				DEVELOPMENT_TEAM = 5NGU942N6D;
				INFOPLIST_FILE = TodayWeather/Info.plist;
				IPHONEOS_DEPLOYMENT_TARGET = 13.0;
				LD_RUNPATH_SEARCH_PATHS = (
					"$(inherited)",
					"@executable_path/Frameworks",
				);
				PRODUCT_BUNDLE_IDENTIFIER = com.elanovasconcelos.TodayWeather;
				PRODUCT_NAME = "$(TARGET_NAME)";
				SWIFT_VERSION = 5.0;
				TARGETED_DEVICE_FAMILY = "1,2";
			};
			name = Release;
		};
		030CED1623DBAA6700AEFB58 /* Debug */ = {
			isa = XCBuildConfiguration;
			buildSettings = {
				ALWAYS_EMBED_SWIFT_STANDARD_LIBRARIES = YES;
				BUNDLE_LOADER = "$(TEST_HOST)";
				CODE_SIGN_STYLE = Automatic;
				INFOPLIST_FILE = TodayWeatherTests/Info.plist;
				IPHONEOS_DEPLOYMENT_TARGET = 13.2;
				LD_RUNPATH_SEARCH_PATHS = (
					"$(inherited)",
					"@executable_path/Frameworks",
					"@loader_path/Frameworks",
				);
				PRODUCT_BUNDLE_IDENTIFIER = com.elanovasconcelos.TodayWeatherTests;
				PRODUCT_NAME = "$(TARGET_NAME)";
				SWIFT_VERSION = 5.0;
				TARGETED_DEVICE_FAMILY = "1,2";
				TEST_HOST = "$(BUILT_PRODUCTS_DIR)/TodayWeather.app/TodayWeather";
			};
			name = Debug;
		};
		030CED1723DBAA6700AEFB58 /* Release */ = {
			isa = XCBuildConfiguration;
			buildSettings = {
				ALWAYS_EMBED_SWIFT_STANDARD_LIBRARIES = YES;
				BUNDLE_LOADER = "$(TEST_HOST)";
				CODE_SIGN_STYLE = Automatic;
				INFOPLIST_FILE = TodayWeatherTests/Info.plist;
				IPHONEOS_DEPLOYMENT_TARGET = 13.2;
				LD_RUNPATH_SEARCH_PATHS = (
					"$(inherited)",
					"@executable_path/Frameworks",
					"@loader_path/Frameworks",
				);
				PRODUCT_BUNDLE_IDENTIFIER = com.elanovasconcelos.TodayWeatherTests;
				PRODUCT_NAME = "$(TARGET_NAME)";
				SWIFT_VERSION = 5.0;
				TARGETED_DEVICE_FAMILY = "1,2";
				TEST_HOST = "$(BUILT_PRODUCTS_DIR)/TodayWeather.app/TodayWeather";
			};
			name = Release;
		};
/* End XCBuildConfiguration section */

/* Begin XCConfigurationList section */
		030CECEE23DBAA6200AEFB58 /* Build configuration list for PBXProject "TodayWeather" */ = {
			isa = XCConfigurationList;
			buildConfigurations = (
				030CED1023DBAA6700AEFB58 /* Debug */,
				030CED1123DBAA6700AEFB58 /* Release */,
			);
			defaultConfigurationIsVisible = 0;
			defaultConfigurationName = Release;
		};
		030CED1223DBAA6700AEFB58 /* Build configuration list for PBXNativeTarget "TodayWeather" */ = {
			isa = XCConfigurationList;
			buildConfigurations = (
				030CED1323DBAA6700AEFB58 /* Debug */,
				030CED1423DBAA6700AEFB58 /* Release */,
			);
			defaultConfigurationIsVisible = 0;
			defaultConfigurationName = Release;
		};
		030CED1523DBAA6700AEFB58 /* Build configuration list for PBXNativeTarget "TodayWeatherTests" */ = {
			isa = XCConfigurationList;
			buildConfigurations = (
				030CED1623DBAA6700AEFB58 /* Debug */,
				030CED1723DBAA6700AEFB58 /* Release */,
			);
			defaultConfigurationIsVisible = 0;
			defaultConfigurationName = Release;
		};
/* End XCConfigurationList section */
	};
	rootObject = 030CECEB23DBAA6200AEFB58 /* Project object */;
}
